
Microsoft Visual Studio Solution File, Format Version 12.00
# Visual Studio 15
VisualStudioVersion = 15.0.26730.15
MinimumVisualStudioVersion = 10.0.40219.1
Project("{FAE04EC0-301F-11D3-BF4B-00C04F79EFBC}") = "Aerospike_Api", "Aerospike_Api\Aerospike_Api.csproj", "{FB322319-1B97-451C-87C9-CF761664F0E0}"
EndProject
Global
	GlobalSection(SolutionConfigurationPlatforms) = preSolution
		Debug|Any CPU = Debug|Any CPU
		Release|Any CPU = Release|Any CPU
	EndGlobalSection
	GlobalSection(ProjectConfigurationPlatforms) = postSolution
		{FB322319-1B97-451C-87C9-CF761664F0E0}.Debug|Any CPU.ActiveCfg = Debug|Any CPU
		{FB322319-1B97-451C-87C9-CF761664F0E0}.Debug|Any CPU.Build.0 = Debug|Any CPU
		{FB322319-1B97-451C-87C9-CF761664F0E0}.Release|Any CPU.ActiveCfg = Release|Any CPU
		{FB322319-1B97-451C-87C9-CF761664F0E0}.Release|Any CPU.Build.0 = Release|Any CPU
	EndGlobalSection
	GlobalSection(SolutionProperties) = preSolution
		HideSolutionNode = FALSE
	EndGlobalSection
	GlobalSection(ExtensibilityGlobals) = postSolution
		SolutionGuid = {47809120-6BFD-43AC-B708-65F5CC22E366}
	EndGlobalSection
EndGlobal
